
Microsoft Visual Studio Solution File, Format Version 12.00
# Visual Studio Version 16
VisualStudioVersion = 16.0.31005.135
MinimumVisualStudioVersion = 10.0.40219.1
Project("{FAE04EC0-301F-11D3-BF4B-00C04F79EFBC}") = "Solution 'Enum'", "Solution 'Enum'\Solution 'Enum'.csproj", "{BD1ABBD4-61F0-47D9-BB92-426985FA922C}"
EndProject
Global
	GlobalSection(SolutionConfigurationPlatforms) = preSolution
		Debug|Any CPU = Debug|Any CPU
		Release|Any CPU = Release|Any CPU
	EndGlobalSection
	GlobalSection(ProjectConfigurationPlatforms) = postSolution
		{BD1ABBD4-61F0-47D9-BB92-426985FA922C}.Debug|Any CPU.ActiveCfg = Debug|Any CPU
		{BD1ABBD4-61F0-47D9-BB92-426985FA922C}.Debug|Any CPU.Build.0 = Debug|Any CPU
		{BD1ABBD4-61F0-47D9-BB92-426985FA922C}.Release|Any CPU.ActiveCfg = Release|Any CPU
		{BD1ABBD4-61F0-47D9-BB92-426985FA922C}.Release|Any CPU.Build.0 = Release|Any CPU
	EndGlobalSection
	GlobalSection(SolutionProperties) = preSolution
		HideSolutionNode = FALSE
	EndGlobalSection
	GlobalSection(ExtensibilityGlobals) = postSolution
		SolutionGuid = {3C91C9BE-0651-4CD6-860A-7134403DEB4A}
	EndGlobalSection
EndGlobal
